
Microsoft Visual Studio Solution File, Format Version 12.00
# Visual Studio Version 17
VisualStudioVersion = 17.7.34202.233
MinimumVisualStudioVersion = 10.0.40219.1
Project("{FAE04EC0-301F-11D3-BF4B-00C04F79EFBC}") = "Authorization", "Authorization\Authorization.csproj", "{9372255A-586A-4D6A-A861-95E6D54BC17F}"
EndProject
Global
	GlobalSection(SolutionConfigurationPlatforms) = preSolution
		Debug|Any CPU = Debug|Any CPU
		Release|Any CPU = Release|Any CPU
	EndGlobalSection
	GlobalSection(ProjectConfigurationPlatforms) = postSolution
		{9372255A-586A-4D6A-A861-95E6D54BC17F}.Debug|Any CPU.ActiveCfg = Debug|Any CPU
		{9372255A-586A-4D6A-A861-95E6D54BC17F}.Debug|Any CPU.Build.0 = Debug|Any CPU
		{9372255A-586A-4D6A-A861-95E6D54BC17F}.Release|Any CPU.ActiveCfg = Release|Any CPU
		{9372255A-586A-4D6A-A861-95E6D54BC17F}.Release|Any CPU.Build.0 = Release|Any CPU
	EndGlobalSection
	GlobalSection(SolutionProperties) = preSolution
		HideSolutionNode = FALSE
	EndGlobalSection
	GlobalSection(ExtensibilityGlobals) = postSolution
		SolutionGuid = {F01A09A6-5110-4940-828A-B129FB9FD76B}
	EndGlobalSection
EndGlobal
